
Microsoft Visual Studio Solution File, Format Version 12.00
# Visual Studio Version 17
VisualStudioVersion = 17.4.33213.308
MinimumVisualStudioVersion = 10.0.40219.1
Project("{FAE04EC0-301F-11D3-BF4B-00C04F79EFBC}") = "Ex1", "Ex1\Ex1.csproj", "{BCE45642-E770-494A-A2B3-E00F3D8CC4E0}"
EndProject
Global
	GlobalSection(SolutionConfigurationPlatforms) = preSolution
		Debug|Any CPU = Debug|Any CPU
		Release|Any CPU = Release|Any CPU
	EndGlobalSection
	GlobalSection(ProjectConfigurationPlatforms) = postSolution
		{BCE45642-E770-494A-A2B3-E00F3D8CC4E0}.Debug|Any CPU.ActiveCfg = Debug|Any CPU
		{BCE45642-E770-494A-A2B3-E00F3D8CC4E0}.Debug|Any CPU.Build.0 = Debug|Any CPU
		{BCE45642-E770-494A-A2B3-E00F3D8CC4E0}.Release|Any CPU.ActiveCfg = Release|Any CPU
		{BCE45642-E770-494A-A2B3-E00F3D8CC4E0}.Release|Any CPU.Build.0 = Release|Any CPU
	EndGlobalSection
	GlobalSection(SolutionProperties) = preSolution
		HideSolutionNode = FALSE
	EndGlobalSection
	GlobalSection(ExtensibilityGlobals) = postSolution
		SolutionGuid = {2963A544-2FB4-415A-B258-6E3A9782BF9F}
	EndGlobalSection
EndGlobal
